
Microsoft Visual Studio Solution File, Format Version 12.00
# Visual Studio Version 17
VisualStudioVersion = 17.14.36221.1
MinimumVisualStudioVersion = 10.0.40219.1
Project("{FAE04EC0-301F-11D3-BF4B-00C04F79EFBC}") = "CrudAppUsingADO", "CrudAppUsingADO\CrudAppUsingADO.csproj", "{CD1800C6-B3D8-4219-A924-BAC2AA81EA1B}"
EndProject
Project("{FAE04EC0-301F-11D3-BF4B-00C04F79EFBC}") = "BLL", "BLL\BLL.csproj", "{ECE74C2C-14A7-4140-B0A0-D63A0A2CDFE7}"
EndProject
Project("{FAE04EC0-301F-11D3-BF4B-00C04F79EFBC}") = "DataLayer", "DataLayer\DataLayer.csproj", "{F2041E3E-0960-4191-B407-6F14A3E97221}"
EndProject
Project("{FAE04EC0-301F-11D3-BF4B-00C04F79EFBC}") = "Common", "Common\Common.csproj", "{DC6E62D5-F419-48B8-B101-A8DCE6B9B447}"
EndProject
Global
	GlobalSection(SolutionConfigurationPlatforms) = preSolution
		Debug|Any CPU = Debug|Any CPU
		Release|Any CPU = Release|Any CPU
	EndGlobalSection
	GlobalSection(ProjectConfigurationPlatforms) = postSolution
		{CD1800C6-B3D8-4219-A924-BAC2AA81EA1B}.Debug|Any CPU.ActiveCfg = Debug|Any CPU
		{CD1800C6-B3D8-4219-A924-BAC2AA81EA1B}.Debug|Any CPU.Build.0 = Debug|Any CPU
		{CD1800C6-B3D8-4219-A924-BAC2AA81EA1B}.Release|Any CPU.ActiveCfg = Release|Any CPU
		{CD1800C6-B3D8-4219-A924-BAC2AA81EA1B}.Release|Any CPU.Build.0 = Release|Any CPU
		{ECE74C2C-14A7-4140-B0A0-D63A0A2CDFE7}.Debug|Any CPU.ActiveCfg = Debug|Any CPU
		{ECE74C2C-14A7-4140-B0A0-D63A0A2CDFE7}.Debug|Any CPU.Build.0 = Debug|Any CPU
		{ECE74C2C-14A7-4140-B0A0-D63A0A2CDFE7}.Release|Any CPU.ActiveCfg = Release|Any CPU
		{ECE74C2C-14A7-4140-B0A0-D63A0A2CDFE7}.Release|Any CPU.Build.0 = Release|Any CPU
		{F2041E3E-0960-4191-B407-6F14A3E97221}.Debug|Any CPU.ActiveCfg = Debug|Any CPU
		{F2041E3E-0960-4191-B407-6F14A3E97221}.Debug|Any CPU.Build.0 = Debug|Any CPU
		{F2041E3E-0960-4191-B407-6F14A3E97221}.Release|Any CPU.ActiveCfg = Release|Any CPU
		{F2041E3E-0960-4191-B407-6F14A3E97221}.Release|Any CPU.Build.0 = Release|Any CPU
		{DC6E62D5-F419-48B8-B101-A8DCE6B9B447}.Debug|Any CPU.ActiveCfg = Debug|Any CPU
		{DC6E62D5-F419-48B8-B101-A8DCE6B9B447}.Debug|Any CPU.Build.0 = Debug|Any CPU
		{DC6E62D5-F419-48B8-B101-A8DCE6B9B447}.Release|Any CPU.ActiveCfg = Release|Any CPU
		{DC6E62D5-F419-48B8-B101-A8DCE6B9B447}.Release|Any CPU.Build.0 = Release|Any CPU
	EndGlobalSection
	GlobalSection(SolutionProperties) = preSolution
		HideSolutionNode = FALSE
	EndGlobalSection
	GlobalSection(ExtensibilityGlobals) = postSolution
		SolutionGuid = {54ACD56E-C0E6-41C8-8F69-460CAEFFFF14}
	EndGlobalSection
EndGlobal
