
Microsoft Visual Studio Solution File, Format Version 12.00
# Visual Studio Version 17
VisualStudioVersion = 17.14.36221.1 d17.14
MinimumVisualStudioVersion = 10.0.40219.1
Project("{FAE04EC0-301F-11D3-BF4B-00C04F79EFBC}") = "DEMO_API", "DEMO_API\DEMO_API.csproj", "{DF2C8BDC-1093-41E1-892C-08AA3F225E35}"
EndProject
Project("{FAE04EC0-301F-11D3-BF4B-00C04F79EFBC}") = "BLL", "BLL\BLL.csproj", "{2645E1DC-31F1-4654-A8E5-3635BF111E64}"
EndProject
Project("{FAE04EC0-301F-11D3-BF4B-00C04F79EFBC}") = "DAL", "DAL\DAL.csproj", "{525C7AF5-01A6-47A4-B2C0-A7C285CD5DF4}"
EndProject
Project("{FAE04EC0-301F-11D3-BF4B-00C04F79EFBC}") = "COMMON", "COMMON\COMMON.csproj", "{736ED5A9-BD9E-4AE6-A8F7-BE22918588E3}"
EndProject
Global
	GlobalSection(SolutionConfigurationPlatforms) = preSolution
		Debug|Any CPU = Debug|Any CPU
		Release|Any CPU = Release|Any CPU
	EndGlobalSection
	GlobalSection(ProjectConfigurationPlatforms) = postSolution
		{DF2C8BDC-1093-41E1-892C-08AA3F225E35}.Debug|Any CPU.ActiveCfg = Debug|Any CPU
		{DF2C8BDC-1093-41E1-892C-08AA3F225E35}.Debug|Any CPU.Build.0 = Debug|Any CPU
		{DF2C8BDC-1093-41E1-892C-08AA3F225E35}.Release|Any CPU.ActiveCfg = Release|Any CPU
		{DF2C8BDC-1093-41E1-892C-08AA3F225E35}.Release|Any CPU.Build.0 = Release|Any CPU
		{2645E1DC-31F1-4654-A8E5-3635BF111E64}.Debug|Any CPU.ActiveCfg = Debug|Any CPU
		{2645E1DC-31F1-4654-A8E5-3635BF111E64}.Debug|Any CPU.Build.0 = Debug|Any CPU
		{2645E1DC-31F1-4654-A8E5-3635BF111E64}.Release|Any CPU.ActiveCfg = Release|Any CPU
		{2645E1DC-31F1-4654-A8E5-3635BF111E64}.Release|Any CPU.Build.0 = Release|Any CPU
		{525C7AF5-01A6-47A4-B2C0-A7C285CD5DF4}.Debug|Any CPU.ActiveCfg = Debug|Any CPU
		{525C7AF5-01A6-47A4-B2C0-A7C285CD5DF4}.Debug|Any CPU.Build.0 = Debug|Any CPU
		{525C7AF5-01A6-47A4-B2C0-A7C285CD5DF4}.Release|Any CPU.ActiveCfg = Release|Any CPU
		{525C7AF5-01A6-47A4-B2C0-A7C285CD5DF4}.Release|Any CPU.Build.0 = Release|Any CPU
		{736ED5A9-BD9E-4AE6-A8F7-BE22918588E3}.Debug|Any CPU.ActiveCfg = Debug|Any CPU
		{736ED5A9-BD9E-4AE6-A8F7-BE22918588E3}.Debug|Any CPU.Build.0 = Debug|Any CPU
		{736ED5A9-BD9E-4AE6-A8F7-BE22918588E3}.Release|Any CPU.ActiveCfg = Release|Any CPU
		{736ED5A9-BD9E-4AE6-A8F7-BE22918588E3}.Release|Any CPU.Build.0 = Release|Any CPU
	EndGlobalSection
	GlobalSection(SolutionProperties) = preSolution
		HideSolutionNode = FALSE
	EndGlobalSection
	GlobalSection(ExtensibilityGlobals) = postSolution
		SolutionGuid = {F6F2A7F4-B83E-49E3-A5FF-01B6EF08C3A3}
	EndGlobalSection
EndGlobal
