
Microsoft Visual Studio Solution File, Format Version 12.00
# Visual Studio Version 17
VisualStudioVersion = 17.14.36221.1 d17.14
MinimumVisualStudioVersion = 10.0.40219.1
Project("{FAE04EC0-301F-11D3-BF4B-00C04F79EFBC}") = "ADO_Net_DataTable", "ADO_Net_DataTable\ADO_Net_DataTable.csproj", "{2C6CD048-0434-4896-87E0-0516B1BC19C5}"
EndProject
Global
	GlobalSection(SolutionConfigurationPlatforms) = preSolution
		Debug|Any CPU = Debug|Any CPU
		Release|Any CPU = Release|Any CPU
	EndGlobalSection
	GlobalSection(ProjectConfigurationPlatforms) = postSolution
		{2C6CD048-0434-4896-87E0-0516B1BC19C5}.Debug|Any CPU.ActiveCfg = Debug|Any CPU
		{2C6CD048-0434-4896-87E0-0516B1BC19C5}.Debug|Any CPU.Build.0 = Debug|Any CPU
		{2C6CD048-0434-4896-87E0-0516B1BC19C5}.Release|Any CPU.ActiveCfg = Release|Any CPU
		{2C6CD048-0434-4896-87E0-0516B1BC19C5}.Release|Any CPU.Build.0 = Release|Any CPU
	EndGlobalSection
	GlobalSection(SolutionProperties) = preSolution
		HideSolutionNode = FALSE
	EndGlobalSection
	GlobalSection(ExtensibilityGlobals) = postSolution
		SolutionGuid = {75D0F469-8451-4937-9E7B-DF259AA4D60B}
	EndGlobalSection
EndGlobal
